{
  "name": "huffman-encoding",
  "version": "0.0.0",
  "lockfileVersion": 1,
  "requires": true,
  "dependencies": {
    "@types/node": {
      "version": "16.7.3",
      "resolved": "https://registry.npmjs.org/@types/node/-/node-16.7.3.tgz",
      "integrity": "sha512-S6gm2sm9xIRWTxD7Ttj8N1ZrYfqdqZEU38Nwnrhd6krk7zf8vdgMgzz8hpAX9CfmXaJfP+Vqy2EhJpVavNEocg=="
    },
    "typescript": {
      "version": "4.2.3",
      "resolved": "https://registry.npmjs.org/typescript/-/typescript-4.2.3.tgz",
      "integrity": "sha512-qOcYwxaByStAWrBf4x0fibwZvMRG+r4cQoTjbPtUlrWjBHbmCAww1i448U0GJ+3cNNEtebDteo/cHOR3xJ4wEw=="
    }
  }
}
