{
  "name": "huffman-encoding",
  "version": "0.0.0",
  "lockfileVersion": 1,
  "requires": true,
  "dependencies": {
    "@types/node": {
      "version": "16.7.7",
      "resolved": "https://registry.npmjs.org/@types/node/-/node-16.7.7.tgz",
      "integrity": "sha512-bxWC4rgIF/FjM7JsPvpk6ZKGITgw27qsYCbi6h4kWZWYpchOLENgvFaRBZUc64Q/M1y+X2EteahRbyo8QFCKdw=="
    },
    "typescript": {
      "version": "4.2.3",
      "resolved": "https://registry.npmjs.org/typescript/-/typescript-4.2.3.tgz",
      "integrity": "sha512-qOcYwxaByStAWrBf4x0fibwZvMRG+r4cQoTjbPtUlrWjBHbmCAww1i448U0GJ+3cNNEtebDteo/cHOR3xJ4wEw=="
    }
  }
}
